// !$*UTF8*$!
{
	archiveVersion = 1;
	classes = {
	};
	objectVersion = 56;
	objects = {

/* Begin PBXBuildFile section */
		A1057CC429B0D3640085D1D3 /* FolderMonitor.swift in Sources */ = {isa = PBXBuildFile; fileRef = A1057CC329B0D3640085D1D3 /* FolderMonitor.swift */; };
		A1057CC629B225CC0085D1D3 /* EditorView.swift in Sources */ = {isa = PBXBuildFile; fileRef = A1057CC529B225CC0085D1D3 /* EditorView.swift */; };
		A1575F452991458300811D53 /* FileBrowserApp.swift in Sources */ = {isa = PBXBuildFile; fileRef = A1575F442991458300811D53 /* FileBrowserApp.swift */; };
		A1575F472991458300811D53 /* ContentView.swift in Sources */ = {isa = PBXBuildFile; fileRef = A1575F462991458300811D53 /* ContentView.swift */; };
		A1575F492991458400811D53 /* Assets.xcassets in Resources */ = {isa = PBXBuildFile; fileRef = A1575F482991458400811D53 /* Assets.xcassets */; };
		A1575F4C2991458400811D53 /* Preview Assets.xcassets in Resources */ = {isa = PBXBuildFile; fileRef = A1575F4B2991458400811D53 /* Preview Assets.xcassets */; };
		A1575F542991465100811D53 /* AppModel.swift in Sources */ = {isa = PBXBuildFile; fileRef = A1575F532991465100811D53 /* AppModel.swift */; };
		A1575F5829914A4100811D53 /* OSDocument.swift in Sources */ = {isa = PBXBuildFile; fileRef = A1575F5729914A4100811D53 /* OSDocument.swift */; };
		A199B64B29DF411B004A01C2 /* Readme.md in Resources */ = {isa = PBXBuildFile; fileRef = A199B64A29DF411B004A01C2 /* Readme.md */; };
		A1CA076F29DF3ED30033CC0D /* SupportedFileType.swift in Sources */ = {isa = PBXBuildFile; fileRef = A1CA076E29DF3ED30033CC0D /* SupportedFileType.swift */; };
/* End PBXBuildFile section */

/* Begin PBXFileReference section */
		A1057CC329B0D3640085D1D3 /* FolderMonitor.swift */ = {isa = PBXFileReference; lastKnownFileType = sourcecode.swift; path = FolderMonitor.swift; sourceTree = "<group>"; };
		A1057CC529B225CC0085D1D3 /* EditorView.swift */ = {isa = PBXFileReference; lastKnownFileType = sourcecode.swift; path = EditorView.swift; sourceTree = "<group>"; };
		A1575F412991458300811D53 /* FileBrowser.app */ = {isa = PBXFileReference; explicitFileType = wrapper.application; includeInIndex = 0; path = FileBrowser.app; sourceTree = BUILT_PRODUCTS_DIR; };
		A1575F442991458300811D53 /* FileBrowserApp.swift */ = {isa = PBXFileReference; lastKnownFileType = sourcecode.swift; path = FileBrowserApp.swift; sourceTree = "<group>"; };
		A1575F462991458300811D53 /* ContentView.swift */ = {isa = PBXFileReference; lastKnownFileType = sourcecode.swift; path = ContentView.swift; sourceTree = "<group>"; };
		A1575F482991458400811D53 /* Assets.xcassets */ = {isa = PBXFileReference; lastKnownFileType = folder.assetcatalog; path = Assets.xcassets; sourceTree = "<group>"; };
		A1575F4B2991458400811D53 /* Preview Assets.xcassets */ = {isa = PBXFileReference; lastKnownFileType = folder.assetcatalog; path = "Preview Assets.xcassets"; sourceTree = "<group>"; };
		A1575F4D2991458400811D53 /* FileBrowser.entitlements */ = {isa = PBXFileReference; lastKnownFileType = text.plist.entitlements; path = FileBrowser.entitlements; sourceTree = "<group>"; };
		A1575F532991465100811D53 /* AppModel.swift */ = {isa = PBXFileReference; lastKnownFileType = sourcecode.swift; path = AppModel.swift; sourceTree = "<group>"; };
		A1575F5729914A4100811D53 /* OSDocument.swift */ = {isa = PBXFileReference; lastKnownFileType = sourcecode.swift; path = OSDocument.swift; sourceTree = "<group>"; };
		A163349A29CC882300A67118 /* Info.plist */ = {isa = PBXFileReference; lastKnownFileType = text.plist; path = Info.plist; sourceTree = "<group>"; };
		A199B64A29DF411B004A01C2 /* Readme.md */ = {isa = PBXFileReference; fileEncoding = 4; lastKnownFileType = net.daringfireball.markdown; path = Readme.md; sourceTree = SOURCE_ROOT; };
		A1CA076E29DF3ED30033CC0D /* SupportedFileType.swift */ = {isa = PBXFileReference; lastKnownFileType = sourcecode.swift; path = SupportedFileType.swift; sourceTree = "<group>"; };
/* End PBXFileReference section */

/* Begin PBXFrameworksBuildPhase section */
		A1575F3E2991458300811D53 /* Frameworks */ = {
			isa = PBXFrameworksBuildPhase;
			buildActionMask = 2147483647;
			files = (
			);
			runOnlyForDeploymentPostprocessing = 0;
		};
/* End PBXFrameworksBuildPhase section */

/* Begin PBXGroup section */
		A1575F382991458300811D53 = {
			isa = PBXGroup;
			children = (
				A199B64A29DF411B004A01C2 /* Readme.md */,
				A1575F432991458300811D53 /* FileBrowser */,
				A1575F422991458300811D53 /* Products */,
			);
			sourceTree = "<group>";
		};
		A1575F422991458300811D53 /* Products */ = {
			isa = PBXGroup;
			children = (
				A1575F412991458300811D53 /* FileBrowser.app */,
			);
			name = Products;
			sourceTree = "<group>";
		};
		A1575F432991458300811D53 /* FileBrowser */ = {
			isa = PBXGroup;
			children = (
				A1575F532991465100811D53 /* AppModel.swift */,
				A1575F462991458300811D53 /* ContentView.swift */,
				A1057CC529B225CC0085D1D3 /* EditorView.swift */,
				A1575F442991458300811D53 /* FileBrowserApp.swift */,
				A1057CC329B0D3640085D1D3 /* FolderMonitor.swift */,
				A1575F5729914A4100811D53 /* OSDocument.swift */,
				A1CA076E29DF3ED30033CC0D /* SupportedFileType.swift */,
				A1575F4A2991458400811D53 /* Preview Content */,
				A1CA076C29DF19620033CC0D /* Support Files */,
			);
			path = FileBrowser;
			sourceTree = "<group>";
		};
		A1575F4A2991458400811D53 /* Preview Content */ = {
			isa = PBXGroup;
			children = (
				A1575F4B2991458400811D53 /* Preview Assets.xcassets */,
			);
			path = "Preview Content";
			sourceTree = "<group>";
		};
		A1CA076C29DF19620033CC0D /* Support Files */ = {
			isa = PBXGroup;
			children = (
				A1575F4D2991458400811D53 /* FileBrowser.entitlements */,
				A1575F482991458400811D53 /* Assets.xcassets */,
				A163349A29CC882300A67118 /* Info.plist */,
			);
			name = "Support Files";
			sourceTree = "<group>";
		};
/* End PBXGroup section */

/* Begin PBXNativeTarget section */
		A1575F402991458300811D53 /* FileBrowser */ = {
			isa = PBXNativeTarget;
			buildConfigurationList = A1575F502991458400811D53 /* Build configuration list for PBXNativeTarget "FileBrowser" */;
			buildPhases = (
				A1575F3D2991458300811D53 /* Sources */,
				A1575F3E2991458300811D53 /* Frameworks */,
				A1575F3F2991458300811D53 /* Resources */,
			);
			buildRules = (
			);
			dependencies = (
			);
			name = FileBrowser;
			productName = FileBrowser;
			productReference = A1575F412991458300811D53 /* FileBrowser.app */;
			productType = "com.apple.product-type.application";
		};
/* End PBXNativeTarget section */

/* Begin PBXProject section */
		A1575F392991458300811D53 /* Project object */ = {
			isa = PBXProject;
			attributes = {
				BuildIndependentTargetsInParallel = 1;
				LastSwiftUpdateCheck = 1420;
				LastUpgradeCheck = 1430;
				TargetAttributes = {
					A1575F402991458300811D53 = {
						CreatedOnToolsVersion = 14.2;
					};
				};
			};
			buildConfigurationList = A1575F3C2991458300811D53 /* Build configuration list for PBXProject "FileBrowser" */;
			compatibilityVersion = "Xcode 14.0";
			developmentRegion = en;
			hasScannedForEncodings = 0;
			knownRegions = (
				en,
				Base,
			);
			mainGroup = A1575F382991458300811D53;
			productRefGroup = A1575F422991458300811D53 /* Products */;
			projectDirPath = "";
			projectRoot = "";
			targets = (
				A1575F402991458300811D53 /* FileBrowser */,
			);
		};
/* End PBXProject section */

/* Begin PBXResourcesBuildPhase section */
		A1575F3F2991458300811D53 /* Resources */ = {
			isa = PBXResourcesBuildPhase;
			buildActionMask = 2147483647;
			files = (
				A1575F4C2991458400811D53 /* Preview Assets.xcassets in Resources */,
				A1575F492991458400811D53 /* Assets.xcassets in Resources */,
				A199B64B29DF411B004A01C2 /* Readme.md in Resources */,
			);
			runOnlyForDeploymentPostprocessing = 0;
		};
/* End PBXResourcesBuildPhase section */

/* Begin PBXSourcesBuildPhase section */
		A1575F3D2991458300811D53 /* Sources */ = {
			isa = PBXSourcesBuildPhase;
			buildActionMask = 2147483647;
			files = (
				A1CA076F29DF3ED30033CC0D /* SupportedFileType.swift in Sources */,
				A1575F472991458300811D53 /* ContentView.swift in Sources */,
				A1575F5829914A4100811D53 /* OSDocument.swift in Sources */,
				A1057CC629B225CC0085D1D3 /* EditorView.swift in Sources */,
				A1575F542991465100811D53 /* AppModel.swift in Sources */,
				A1057CC429B0D3640085D1D3 /* FolderMonitor.swift in Sources */,
				A1575F452991458300811D53 /* FileBrowserApp.swift in Sources */,
			);
			runOnlyForDeploymentPostprocessing = 0;
		};
/* End PBXSourcesBuildPhase section */

/* Begin XCBuildConfiguration section */
		A1575F4E2991458400811D53 /* Debug */ = {
			isa = XCBuildConfiguration;
			buildSettings = {
				ALWAYS_SEARCH_USER_PATHS = NO;
				CLANG_ANALYZER_NONNULL = YES;
				CLANG_ANALYZER_NUMBER_OBJECT_CONVERSION = YES_AGGRESSIVE;
				CLANG_CXX_LANGUAGE_STANDARD = "gnu++20";
				CLANG_ENABLE_MODULES = YES;
				CLANG_ENABLE_OBJC_ARC = YES;
				CLANG_ENABLE_OBJC_WEAK = YES;
				CLANG_WARN_BLOCK_CAPTURE_AUTORELEASING = YES;
				CLANG_WARN_BOOL_CONVERSION = YES;
				CLANG_WARN_COMMA = YES;
				CLANG_WARN_CONSTANT_CONVERSION = YES;
				CLANG_WARN_DEPRECATED_OBJC_IMPLEMENTATIONS = YES;
				CLANG_WARN_DIRECT_OBJC_ISA_USAGE = YES_ERROR;
				CLANG_WARN_DOCUMENTATION_COMMENTS = YES;
				CLANG_WARN_EMPTY_BODY = YES;
				CLANG_WARN_ENUM_CONVERSION = YES;
				CLANG_WARN_INFINITE_RECURSION = YES;
				CLANG_WARN_INT_CONVERSION = YES;
				CLANG_WARN_NON_LITERAL_NULL_CONVERSION = YES;
				CLANG_WARN_OBJC_IMPLICIT_RETAIN_SELF = YES;
				CLANG_WARN_OBJC_LITERAL_CONVERSION = YES;
				CLANG_WARN_OBJC_ROOT_CLASS = YES_ERROR;
				CLANG_WARN_QUOTED_INCLUDE_IN_FRAMEWORK_HEADER = YES;
				CLANG_WARN_RANGE_LOOP_ANALYSIS = YES;
				CLANG_WARN_STRICT_PROTOTYPES = YES;
				CLANG_WARN_SUSPICIOUS_MOVE = YES;
				CLANG_WARN_UNGUARDED_AVAILABILITY = YES_AGGRESSIVE;
				CLANG_WARN_UNREACHABLE_CODE = YES;
				CLANG_WARN__DUPLICATE_METHOD_MATCH = YES;
				COPY_PHASE_STRIP = NO;
				DEAD_CODE_STRIPPING = YES;
				DEBUG_INFORMATION_FORMAT = dwarf;
				ENABLE_STRICT_OBJC_MSGSEND = YES;
				ENABLE_TESTABILITY = YES;
				GCC_C_LANGUAGE_STANDARD = gnu11;
				GCC_DYNAMIC_NO_PIC = NO;
				GCC_NO_COMMON_BLOCKS = YES;
				GCC_OPTIMIZATION_LEVEL = 0;
				GCC_PREPROCESSOR_DEFINITIONS = (
					"DEBUG=1",
					"$(inherited)",
				);
				GCC_WARN_64_TO_32_BIT_CONVERSION = YES;
				GCC_WARN_ABOUT_RETURN_TYPE = YES_ERROR;
				GCC_WARN_UNDECLARED_SELECTOR = YES;
				GCC_WARN_UNINITIALIZED_AUTOS = YES_AGGRESSIVE;
				GCC_WARN_UNUSED_FUNCTION = YES;
				GCC_WARN_UNUSED_VARIABLE = YES;
				MACOSX_DEPLOYMENT_TARGET = 13.1;
				MTL_ENABLE_DEBUG_INFO = INCLUDE_SOURCE;
				MTL_FAST_MATH = YES;
				ONLY_ACTIVE_ARCH = YES;
				SDKROOT = macosx;
				SWIFT_ACTIVE_COMPILATION_CONDITIONS = DEBUG;
				SWIFT_OPTIMIZATION_LEVEL = "-Onone";
			};
			name = Debug;
		};
		A1575F4F2991458400811D53 /* Release */ = {
			isa = XCBuildConfiguration;
			buildSettings = {
				ALWAYS_SEARCH_USER_PATHS = NO;
				CLANG_ANALYZER_NONNULL = YES;
				CLANG_ANALYZER_NUMBER_OBJECT_CONVERSION = YES_AGGRESSIVE;
				CLANG_CXX_LANGUAGE_STANDARD = "gnu++20";
				CLANG_ENABLE_MODULES = YES;
				CLANG_ENABLE_OBJC_ARC = YES;
				CLANG_ENABLE_OBJC_WEAK = YES;
				CLANG_WARN_BLOCK_CAPTURE_AUTORELEASING = YES;
				CLANG_WARN_BOOL_CONVERSION = YES;
				CLANG_WARN_COMMA = YES;
				CLANG_WARN_CONSTANT_CONVERSION = YES;
				CLANG_WARN_DEPRECATED_OBJC_IMPLEMENTATIONS = YES;
				CLANG_WARN_DIRECT_OBJC_ISA_USAGE = YES_ERROR;
				CLANG_WARN_DOCUMENTATION_COMMENTS = YES;
				CLANG_WARN_EMPTY_BODY = YES;
				CLANG_WARN_ENUM_CONVERSION = YES;
				CLANG_WARN_INFINITE_RECURSION = YES;
				CLANG_WARN_INT_CONVERSION = YES;
				CLANG_WARN_NON_LITERAL_NULL_CONVERSION = YES;
				CLANG_WARN_OBJC_IMPLICIT_RETAIN_SELF = YES;
				CLANG_WARN_OBJC_LITERAL_CONVERSION = YES;
				CLANG_WARN_OBJC_ROOT_CLASS = YES_ERROR;
				CLANG_WARN_QUOTED_INCLUDE_IN_FRAMEWORK_HEADER = YES;
				CLANG_WARN_RANGE_LOOP_ANALYSIS = YES;
				CLANG_WARN_STRICT_PROTOTYPES = YES;
				CLANG_WARN_SUSPICIOUS_MOVE = YES;
				CLANG_WARN_UNGUARDED_AVAILABILITY = YES_AGGRESSIVE;
				CLANG_WARN_UNREACHABLE_CODE = YES;
				CLANG_WARN__DUPLICATE_METHOD_MATCH = YES;
				COPY_PHASE_STRIP = NO;
				DEAD_CODE_STRIPPING = YES;
				DEBUG_INFORMATION_FORMAT = "dwarf-with-dsym";
				ENABLE_NS_ASSERTIONS = NO;
				ENABLE_STRICT_OBJC_MSGSEND = YES;
				GCC_C_LANGUAGE_STANDARD = gnu11;
				GCC_NO_COMMON_BLOCKS = YES;
				GCC_WARN_64_TO_32_BIT_CONVERSION = YES;
				GCC_WARN_ABOUT_RETURN_TYPE = YES_ERROR;
				GCC_WARN_UNDECLARED_SELECTOR = YES;
				GCC_WARN_UNINITIALIZED_AUTOS = YES_AGGRESSIVE;
				GCC_WARN_UNUSED_FUNCTION = YES;
				GCC_WARN_UNUSED_VARIABLE = YES;
				MACOSX_DEPLOYMENT_TARGET = 13.1;
				MTL_ENABLE_DEBUG_INFO = NO;
				MTL_FAST_MATH = YES;
				SDKROOT = macosx;
				SWIFT_COMPILATION_MODE = wholemodule;
				SWIFT_OPTIMIZATION_LEVEL = "-O";
			};
			name = Release;
		};
		A1575F512991458400811D53 /* Debug */ = {
			isa = XCBuildConfiguration;
			buildSettings = {
				ASSETCATALOG_COMPILER_APPICON_NAME = AppIcon;
				ASSETCATALOG_COMPILER_GLOBAL_ACCENT_COLOR_NAME = AccentColor;
				CODE_SIGN_ENTITLEMENTS = FileBrowser/FileBrowser.entitlements;
				"CODE_SIGN_IDENTITY[sdk=macosx*]" = "-";
				CODE_SIGN_STYLE = Automatic;
				COMBINE_HIDPI_IMAGES = YES;
				CURRENT_PROJECT_VERSION = 1;
				DEAD_CODE_STRIPPING = YES;
				DEVELOPMENT_ASSET_PATHS = "\"FileBrowser/Preview Content\"";
				DEVELOPMENT_TEAM = "";
				ENABLE_HARDENED_RUNTIME = YES;
				ENABLE_PREVIEWS = YES;
				GENERATE_INFOPLIST_FILE = YES;
				INFOPLIST_FILE = FileBrowser/Info.plist;
				INFOPLIST_KEY_NSDocumentsFolderUsageDescription = "Access your text documents";
				INFOPLIST_KEY_NSHumanReadableCopyright = "";
				LD_RUNPATH_SEARCH_PATHS = (
					"$(inherited)",
					"@executable_path/../Frameworks",
				);
				MARKETING_VERSION = 1.0;
				PRODUCT_BUNDLE_IDENTIFIER = cocoa.productions.FileBrowser;
				PRODUCT_NAME = "$(TARGET_NAME)";
				SUPPORTED_PLATFORMS = "iphoneos iphonesimulator macosx";
				SUPPORTS_MACCATALYST = NO;
				SUPPORTS_MAC_DESIGNED_FOR_IPHONE_IPAD = NO;
				SWIFT_EMIT_LOC_STRINGS = YES;
				SWIFT_VERSION = 5.0;
				TARGETED_DEVICE_FAMILY = 2;
			};
			name = Debug;
		};
		A1575F522991458400811D53 /* Release */ = {
			isa = XCBuildConfiguration;
			buildSettings = {
				ASSETCATALOG_COMPILER_APPICON_NAME = AppIcon;
				ASSETCATALOG_COMPILER_GLOBAL_ACCENT_COLOR_NAME = AccentColor;
				CODE_SIGN_ENTITLEMENTS = FileBrowser/FileBrowser.entitlements;
				"CODE_SIGN_IDENTITY[sdk=macosx*]" = "-";
				CODE_SIGN_STYLE = Automatic;
				COMBINE_HIDPI_IMAGES = YES;
				CURRENT_PROJECT_VERSION = 1;
				DEAD_CODE_STRIPPING = YES;
				DEVELOPMENT_ASSET_PATHS = "\"FileBrowser/Preview Content\"";
				DEVELOPMENT_TEAM = "";
				ENABLE_HARDENED_RUNTIME = YES;
				ENABLE_PREVIEWS = YES;
				GENERATE_INFOPLIST_FILE = YES;
				INFOPLIST_FILE = FileBrowser/Info.plist;
				INFOPLIST_KEY_NSDocumentsFolderUsageDescription = "Access your text documents";
				INFOPLIST_KEY_NSHumanReadableCopyright = "";
				LD_RUNPATH_SEARCH_PATHS = (
					"$(inherited)",
					"@executable_path/../Frameworks",
				);
				MARKETING_VERSION = 1.0;
				PRODUCT_BUNDLE_IDENTIFIER = cocoa.productions.FileBrowser;
				PRODUCT_NAME = "$(TARGET_NAME)";
				SUPPORTED_PLATFORMS = "iphoneos iphonesimulator macosx";
				SUPPORTS_MACCATALYST = NO;
				SUPPORTS_MAC_DESIGNED_FOR_IPHONE_IPAD = NO;
				SWIFT_EMIT_LOC_STRINGS = YES;
				SWIFT_VERSION = 5.0;
				TARGETED_DEVICE_FAMILY = 2;
			};
			name = Release;
		};
/* End XCBuildConfiguration section */

/* Begin XCConfigurationList section */
		A1575F3C2991458300811D53 /* Build configuration list for PBXProject "FileBrowser" */ = {
			isa = XCConfigurationList;
			buildConfigurations = (
				A1575F4E2991458400811D53 /* Debug */,
				A1575F4F2991458400811D53 /* Release */,
			);
			defaultConfigurationIsVisible = 0;
			defaultConfigurationName = Release;
		};
		A1575F502991458400811D53 /* Build configuration list for PBXNativeTarget "FileBrowser" */ = {
			isa = XCConfigurationList;
			buildConfigurations = (
				A1575F512991458400811D53 /* Debug */,
				A1575F522991458400811D53 /* Release */,
			);
			defaultConfigurationIsVisible = 0;
			defaultConfigurationName = Release;
		};
/* End XCConfigurationList section */
	};
	rootObject = A1575F392991458300811D53 /* Project object */;
}
